{
  "name": "acme-agent-ci",
  "lockfileVersion": 3,
  "requires": true,
  "packages": {
    "": {
      "name": "acme-agent-ci",
      "dependencies": {
        "@sf-agentscript/agentforce": "2.9.27"
      }
    },
    "node_modules/@jridgewell/gen-mapping": {
      "version": "0.3.13",
      "resolved": "https://registry.npmjs.org/@jridgewell/gen-mapping/-/gen-mapping-0.3.13.tgz",
      "integrity": "sha512-2kkt/7niJ6MgEPxF0bYdQ6etZaA+fQvDcLKckhy1yIQOzaoKjBBjSj63/aLVjYE3qhRt5dvM+uUyfCg6UKCBbA==",
      "license": "MIT",
      "dependencies": {
        "@jridgewell/sourcemap-codec": "^1.5.0",
        "@jridgewell/trace-mapping": "^0.3.24"
      }
    },
    "node_modules/@jridgewell/resolve-uri": {
      "version": "3.1.2",
      "resolved": "https://registry.npmjs.org/@jridgewell/resolve-uri/-/resolve-uri-3.1.2.tgz",
      "integrity": "sha512-bRISgCIjP20/tbWSPWMEi54QVPRZExkuD9lJL+UIxUKtwVJA8wW1Trb1jMs1RFXo1CBTNZ/5hpC9QvmKWdopKw==",
      "license": "MIT",
      "engines": {
        "node": ">=6.0.0"
      }
    },
    "node_modules/@jridgewell/sourcemap-codec": {
      "version": "1.6.0",
      "resolved": "https://registry.npmjs.org/@jridgewell/sourcemap-codec/-/sourcemap-codec-1.6.0.tgz",
      "integrity": "sha512-T7jf+5zgsZHwNJ4lvQ7/aezbyk0nNX+zJVWpmHA7VYsEx7a7qr5Rg5IbtJFqkgze5Y2sruq1RUY8Q837Od7iFw==",
      "license": "MIT"
    },
    "node_modules/@jridgewell/trace-mapping": {
      "version": "0.3.31",
      "resolved": "https://registry.npmjs.org/@jridgewell/trace-mapping/-/trace-mapping-0.3.31.tgz",
      "integrity": "sha512-zzNR+SdQSDJzc8joaeP8QQoCQr8NuYx2dIIytl1QeBEZHJ9uW6hebsrYgbz8hJwUQao3TWCMtmfV8Nu1twOLAw==",
      "license": "MIT",
      "dependencies": {
        "@jridgewell/resolve-uri": "^3.1.0",
        "@jridgewell/sourcemap-codec": "^1.4.14"
      }
    },
    "node_modules/@sf-agentscript/agentforce": {
      "version": "2.9.27",
      "resolved": "https://registry.npmjs.org/@sf-agentscript/agentforce/-/agentforce-2.9.27.tgz",
      "integrity": "sha512-xd3lbWw0DArQiIW9WR82ZqdIA9Fib6lWQGN3pKDMSOjUSeAVhucfl7xoLSw0ZR/0JclFOvMu/d+P8I7TkDQ8Ew==",
      "license": "Apache-2.0",
      "dependencies": {
        "@sf-agentscript/agentforce-dialect": "2.37.0",
        "@sf-agentscript/compiler": "2.41.1",
        "@sf-agentscript/language": "2.20.0",
        "@sf-agentscript/parser": "4.0.7",
        "@sf-agentscript/types": "0.2.3"
      },
      "peerDependencies": {
        "web-tree-sitter": ">=0.22.0"
      },
      "peerDependenciesMeta": {
        "web-tree-sitter": {
          "optional": true
        }
      }
    },
    "node_modules/@sf-agentscript/agentforce-dialect": {
      "version": "2.37.0",
      "resolved": "https://registry.npmjs.org/@sf-agentscript/agentforce-dialect/-/agentforce-dialect-2.37.0.tgz",
      "integrity": "sha512-rDHMIC7uOw6yu1PjleyLoY5b1cXojrnye09zhqOg0rBzuxb+/9nu/wMlt35M7AG9vdlvZ324QedztGLmmKnXVQ==",
      "license": "Apache-2.0",
      "dependencies": {
        "@sf-agentscript/agentscript-dialect": "2.23.0",
        "@sf-agentscript/language": "2.20.0",
        "@sf-agentscript/types": "0.2.3"
      }
    },
    "node_modules/@sf-agentscript/agentscript-dialect": {
      "version": "2.23.0",
      "resolved": "https://registry.npmjs.org/@sf-agentscript/agentscript-dialect/-/agentscript-dialect-2.23.0.tgz",
      "integrity": "sha512-GT057KmGOBaOuEvUrZ0wM3/onUHCMlupcXpwgEhlwulT/luo/QvyVGDWE3WlKMtIzS6L4/uEoEZtiMLi4bVAqA==",
      "license": "Apache-2.0",
      "dependencies": {
        "@sf-agentscript/language": "2.20.0",
        "@sf-agentscript/parser": "4.0.7",
        "@sf-agentscript/types": "0.2.3"
      }
    },
    "node_modules/@sf-agentscript/compiler": {
      "version": "2.41.1",
      "resolved": "https://registry.npmjs.org/@sf-agentscript/compiler/-/compiler-2.41.1.tgz",
      "integrity": "sha512-Qp3kN/z3nXtJcx3zPOTEz4YRNo21gDAh4tlACqXt324D1iQAnY9XYqy3n7dd/XPuN+IUhwAZl5/S9v+ht0XQww==",
      "license": "Apache-2.0",
      "dependencies": {
        "@jridgewell/gen-mapping": "^0.3.5",
        "@jridgewell/trace-mapping": "^0.3.25",
        "@sf-agentscript/agentforce-dialect": "2.37.0",
        "@sf-agentscript/language": "2.20.0",
        "@sf-agentscript/parser": "4.0.7",
        "@sf-agentscript/types": "0.2.3",
        "zod": "^4.4.3"
      }
    },
    "node_modules/@sf-agentscript/language": {
      "version": "2.20.0",
      "resolved": "https://registry.npmjs.org/@sf-agentscript/language/-/language-2.20.0.tgz",
      "integrity": "sha512-WQVtuPh0dssLnd08vls3uGzomAmllmbLu8Bl4pnBocU/1KyKz3n/WyeQcixCMxF9ugCzmMp5aoP3RoewGwnmDA==",
      "license": "Apache-2.0",
      "dependencies": {
        "@sf-agentscript/types": "0.2.3"
      }
    },
    "node_modules/@sf-agentscript/parser": {
      "version": "4.0.7",
      "resolved": "https://registry.npmjs.org/@sf-agentscript/parser/-/parser-4.0.7.tgz",
      "integrity": "sha512-JCVfACQ0gOduouOocfJAHLGCWHe7l+3Dyl31Bh0msEpJ8D1lOHXW8YnuEg/KsfHshVFZMBSqT8Gcu1SGuK8OOQ==",
      "license": "Apache-2.0",
      "dependencies": {
        "@sf-agentscript/parser-javascript": "2.6.3",
        "@sf-agentscript/types": "0.2.3"
      },
      "peerDependencies": {
        "@sf-agentscript/parser-tree-sitter": "2.7.2",
        "tree-sitter": "^0.25.0",
        "web-tree-sitter": ">=0.22.0"
      },
      "peerDependenciesMeta": {
        "@sf-agentscript/parser-tree-sitter": {
          "optional": true
        },
        "tree-sitter": {
          "optional": true
        },
        "web-tree-sitter": {
          "optional": true
        }
      }
    },
    "node_modules/@sf-agentscript/parser-javascript": {
      "version": "2.6.3",
      "resolved": "https://registry.npmjs.org/@sf-agentscript/parser-javascript/-/parser-javascript-2.6.3.tgz",
      "integrity": "sha512-dewpjPhDK0xP/0XFS0Le+acdzrhSg3NGtBMqE6YZHIyjaBV6HK/oc6KX2LXTqsqrzh07dWJiG0lsM7y9z1zgaQ==",
      "license": "Apache-2.0",
      "dependencies": {
        "@sf-agentscript/types": "0.2.3",
        "tiny-invariant": "^1.3.3"
      }
    },
    "node_modules/@sf-agentscript/types": {
      "version": "0.2.3",
      "resolved": "https://registry.npmjs.org/@sf-agentscript/types/-/types-0.2.3.tgz",
      "integrity": "sha512-OdsozSwl7bLjjyHFTb6LKvaZeJ6r1DrRI/YzVqd3t2wuWu5dV4qUWxNeI0XI6akJkKlGndlsfBE8Y4jfn6OPEg=="
    },
    "node_modules/tiny-invariant": {
      "version": "1.3.3",
      "resolved": "https://registry.npmjs.org/tiny-invariant/-/tiny-invariant-1.3.3.tgz",
      "integrity": "sha512-+FbBPE1o9QAYvviau/qC5SE3caw21q3xkvWKBtja5vgqOWIHHJ3ioaq1VPfn/Szqctz2bU/oYeKd9/z5BL+PVg==",
      "license": "MIT"
    },
    "node_modules/zod": {
      "version": "4.6.5",
      "resolved": "https://registry.npmjs.org/zod/-/zod-4.6.5.tgz",
      "integrity": "sha512-v5l/aFXZQeai4awLbOpSoHecE9UiMrnfx75tEXLjNonXVARxQ5mOeipTjROUchszUNCqnE+hqAMujRsRHsut2Q==",
      "license": "MIT",
      "funding": {
        "url": "https://github.com/sponsors/colinhacks"
      }
    }
  }
}
